
Microsoft Visual Studio Solution File, Format Version 12.00
# Visual Studio Version 17
VisualStudioVersion = 17.6.33723.286
MinimumVisualStudioVersion = 10.0.40219.1
Project("{9A19103F-16F7-4668-BE54-9A1E7A4F7556}") = "Portal.Kiosco", "Portal.Kiosco.csproj", "{D7B63D2E-B72D-4A00-B752-55942900F063}"
EndProject
Project("{9A19103F-16F7-4668-BE54-9A1E7A4F7556}") = "APIPortalWebMed.Entities", "..\APIPortalWebMed.Entities\APIPortalWebMed.Entities.csproj", "{59819B25-EB48-4CE3-8A08-77879E482961}"
EndProject
Global
	GlobalSection(SolutionConfigurationPlatforms) = preSolution
		Debug|Any CPU = Debug|Any CPU
		Release|Any CPU = Release|Any CPU
	EndGlobalSection
	GlobalSection(ProjectConfigurationPlatforms) = postSolution
		{D7B63D2E-B72D-4A00-B752-55942900F063}.Debug|Any CPU.ActiveCfg = Debug|Any CPU
		{D7B63D2E-B72D-4A00-B752-55942900F063}.Debug|Any CPU.Build.0 = Debug|Any CPU
		{D7B63D2E-B72D-4A00-B752-55942900F063}.Release|Any CPU.ActiveCfg = Release|Any CPU
		{D7B63D2E-B72D-4A00-B752-55942900F063}.Release|Any CPU.Build.0 = Release|Any CPU
		{59819B25-EB48-4CE3-8A08-77879E482961}.Debug|Any CPU.ActiveCfg = Debug|Any CPU
		{59819B25-EB48-4CE3-8A08-77879E482961}.Debug|Any CPU.Build.0 = Debug|Any CPU
		{59819B25-EB48-4CE3-8A08-77879E482961}.Release|Any CPU.ActiveCfg = Release|Any CPU
		{59819B25-EB48-4CE3-8A08-77879E482961}.Release|Any CPU.Build.0 = Release|Any CPU
	EndGlobalSection
	GlobalSection(SolutionProperties) = preSolution
		HideSolutionNode = FALSE
	EndGlobalSection
	GlobalSection(ExtensibilityGlobals) = postSolution
		SolutionGuid = {0DE4A21E-BD4D-4FA5-81A0-CA19FB1CFF76}
	EndGlobalSection
EndGlobal
